{
  "name": "cryptorafflehub",
  "lockfileVersion": 2,
  "requires": true,
  "packages": {
    "": {
      "name": "cryptorafflehub",
      "version": "1.0.0",
      "dependencies": {
        "@thirdweb-dev/react": "^3.11.13",
        "@thirdweb-dev/sdk": "^3.2.21",
        "ethers": "^6.7.0",
        "next": "^13.4.10",
        "react": "^18.2.0",
        "react-dom": "^18.2.0"
      }
    }
  }
}